// !$*UTF8*$!
{
	archiveVersion = 1;
	classes = {
	};
	objectVersion = 77;
	objects = {

/* Begin PBXContainerItemProxy section */
		5733FA1B2E15563D009E9A11 /* PBXContainerItemProxy */ = {
			isa = PBXContainerItemProxy;
			containerPortal = 5733FA052E15563C009E9A11 /* Project object */;
			proxyType = 1;
			remoteGlobalIDString = 5733FA0C2E15563C009E9A11;
			remoteInfo = EnergyAIAcademy;
		};
		5733FA252E15563D009E9A11 /* PBXContainerItemProxy */ = {
			isa = PBXContainerItemProxy;
			containerPortal = 5733FA052E15563C009E9A11 /* Project object */;
			proxyType = 1;
			remoteGlobalIDString = 5733FA0C2E15563C009E9A11;
			remoteInfo = EnergyAIAcademy;
		};
/* End PBXContainerItemProxy section */

/* Begin PBXFileReference section */
		5733FA0D2E15563C009E9A11 /* EnergyAIAcademy.app */ = {isa = PBXFileReference; explicitFileType = wrapper.application; includeInIndex = 0; path = EnergyAIAcademy.app; sourceTree = BUILT_PRODUCTS_DIR; };
		5733FA1A2E15563D009E9A11 /* EnergyAIAcademyTests.xctest */ = {isa = PBXFileReference; explicitFileType = wrapper.cfbundle; includeInIndex = 0; path = EnergyAIAcademyTests.xctest; sourceTree = BUILT_PRODUCTS_DIR; };
		5733FA242E15563D009E9A11 /* EnergyAIAcademyUITests.xctest */ = {isa = PBXFileReference; explicitFileType = wrapper.cfbundle; includeInIndex = 0; path = EnergyAIAcademyUITests.xctest; sourceTree = BUILT_PRODUCTS_DIR; };
/* End PBXFileReference section */

/* Begin PBXFileSystemSynchronizedRootGroup section */
		5733FA0F2E15563C009E9A11 /* EnergyAIAcademy */ = {
			isa = PBXFileSystemSynchronizedRootGroup;
			path = EnergyAIAcademy;
			sourceTree = "<group>";
		};
		5733FA1D2E15563D009E9A11 /* EnergyAIAcademyTests */ = {
			isa = PBXFileSystemSynchronizedRootGroup;
			path = EnergyAIAcademyTests;
			sourceTree = "<group>";
		};
		5733FA272E15563D009E9A11 /* EnergyAIAcademyUITests */ = {
			isa = PBXFileSystemSynchronizedRootGroup;
			path = EnergyAIAcademyUITests;
			sourceTree = "<group>";
		};
/* End PBXFileSystemSynchronizedRootGroup section */

/* Begin PBXFrameworksBuildPhase section */
		5733FA0A2E15563C009E9A11 /* Frameworks */ = {
			isa = PBXFrameworksBuildPhase;
			buildActionMask = 2147483647;
			files = (
			);
			runOnlyForDeploymentPostprocessing = 0;
		};
		5733FA172E15563D009E9A11 /* Frameworks */ = {
			isa = PBXFrameworksBuildPhase;
			buildActionMask = 2147483647;
			files = (
			);
			runOnlyForDeploymentPostprocessing = 0;
		};
		5733FA212E15563D009E9A11 /* Frameworks */ = {
			isa = PBXFrameworksBuildPhase;
			buildActionMask = 2147483647;
			files = (
			);
			runOnlyForDeploymentPostprocessing = 0;
		};
/* End PBXFrameworksBuildPhase section */

/* Begin PBXGroup section */
		5733FA042E15563C009E9A11 = {
			isa = PBXGroup;
			children = (
				5733FA0F2E15563C009E9A11 /* EnergyAIAcademy */,
				5733FA1D2E15563D009E9A11 /* EnergyAIAcademyTests */,
				5733FA272E15563D009E9A11 /* EnergyAIAcademyUITests */,
				5733FA0E2E15563C009E9A11 /* Products */,
			);
			sourceTree = "<group>";
		};
		5733FA0E2E15563C009E9A11 /* Products */ = {
			isa = PBXGroup;
			children = (
				5733FA0D2E15563C009E9A11 /* EnergyAIAcademy.app */,
				5733FA1A2E15563D009E9A11 /* EnergyAIAcademyTests.xctest */,
				5733FA242E15563D009E9A11 /* EnergyAIAcademyUITests.xctest */,
			);
			name = Products;
			sourceTree = "<group>";
		};
/* End PBXGroup section */

/* Begin PBXNativeTarget section */
		5733FA0C2E15563C009E9A11 /* EnergyAIAcademy */ = {
			isa = PBXNativeTarget;
			buildConfigurationList = 5733FA2E2E15563D009E9A11 /* Build configuration list for PBXNativeTarget "EnergyAIAcademy" */;
			buildPhases = (
				5733FA092E15563C009E9A11 /* Sources */,
				5733FA0A2E15563C009E9A11 /* Frameworks */,
				5733FA0B2E15563C009E9A11 /* Resources */,
			);
			buildRules = (
			);
			dependencies = (
			);
			fileSystemSynchronizedGroups = (
				5733FA0F2E15563C009E9A11 /* EnergyAIAcademy */,
			);
			name = EnergyAIAcademy;
			packageProductDependencies = (
			);
			productName = EnergyAIAcademy;
			productReference = 5733FA0D2E15563C009E9A11 /* EnergyAIAcademy.app */;
			productType = "com.apple.product-type.application";
		};
		5733FA192E15563D009E9A11 /* EnergyAIAcademyTests */ = {
			isa = PBXNativeTarget;
			buildConfigurationList = 5733FA312E15563D009E9A11 /* Build configuration list for PBXNativeTarget "EnergyAIAcademyTests" */;
			buildPhases = (
				5733FA162E15563D009E9A11 /* Sources */,
				5733FA172E15563D009E9A11 /* Frameworks */,
				5733FA182E15563D009E9A11 /* Resources */,
			);
			buildRules = (
			);
			dependencies = (
				5733FA1C2E15563D009E9A11 /* PBXTargetDependency */,
			);
			fileSystemSynchronizedGroups = (
				5733FA1D2E15563D009E9A11 /* EnergyAIAcademyTests */,
			);
			name = EnergyAIAcademyTests;
			packageProductDependencies = (
			);
			productName = EnergyAIAcademyTests;
			productReference = 5733FA1A2E15563D009E9A11 /* EnergyAIAcademyTests.xctest */;
			productType = "com.apple.product-type.bundle.unit-test";
		};
		5733FA232E15563D009E9A11 /* EnergyAIAcademyUITests */ = {
			isa = PBXNativeTarget;
			buildConfigurationList = 5733FA342E15563D009E9A11 /* Build configuration list for PBXNativeTarget "EnergyAIAcademyUITests" */;
			buildPhases = (
				5733FA202E15563D009E9A11 /* Sources */,
				5733FA212E15563D009E9A11 /* Frameworks */,
				5733FA222E15563D009E9A11 /* Resources */,
			);
			buildRules = (
			);
			dependencies = (
				5733FA262E15563D009E9A11 /* PBXTargetDependency */,
			);
			fileSystemSynchronizedGroups = (
				5733FA272E15563D009E9A11 /* EnergyAIAcademyUITests */,
			);
			name = EnergyAIAcademyUITests;
			packageProductDependencies = (
			);
			productName = EnergyAIAcademyUITests;
			productReference = 5733FA242E15563D009E9A11 /* EnergyAIAcademyUITests.xctest */;
			productType = "com.apple.product-type.bundle.ui-testing";
		};
/* End PBXNativeTarget section */

/* Begin PBXProject section */
		5733FA052E15563C009E9A11 /* Project object */ = {
			isa = PBXProject;
			attributes = {
				BuildIndependentTargetsInParallel = 1;
				LastSwiftUpdateCheck = 1640;
				LastUpgradeCheck = 1640;
				TargetAttributes = {
					5733FA0C2E15563C009E9A11 = {
						CreatedOnToolsVersion = 16.4;
					};
					5733FA192E15563D009E9A11 = {
						CreatedOnToolsVersion = 16.4;
						TestTargetID = 5733FA0C2E15563C009E9A11;
					};
					5733FA232E15563D009E9A11 = {
						CreatedOnToolsVersion = 16.4;
						TestTargetID = 5733FA0C2E15563C009E9A11;
					};
				};
			};
			buildConfigurationList = 5733FA082E15563C009E9A11 /* Build configuration list for PBXProject "EnergyAIAcademy" */;
			developmentRegion = en;
			hasScannedForEncodings = 0;
			knownRegions = (
				en,
				Base,
			);
			mainGroup = 5733FA042E15563C009E9A11;
			minimizedProjectReferenceProxies = 1;
			preferredProjectObjectVersion = 77;
			productRefGroup = 5733FA0E2E15563C009E9A11 /* Products */;
			projectDirPath = "";
			projectRoot = "";
			targets = (
				5733FA0C2E15563C009E9A11 /* EnergyAIAcademy */,
				5733FA192E15563D009E9A11 /* EnergyAIAcademyTests */,
				5733FA232E15563D009E9A11 /* EnergyAIAcademyUITests */,
			);
		};
/* End PBXProject section */

/* Begin PBXResourcesBuildPhase section */
		5733FA0B2E15563C009E9A11 /* Resources */ = {
			isa = PBXResourcesBuildPhase;
			buildActionMask = 2147483647;
			files = (
			);
			runOnlyForDeploymentPostprocessing = 0;
		};
		5733FA182E15563D009E9A11 /* Resources */ = {
			isa = PBXResourcesBuildPhase;
			buildActionMask = 2147483647;
			files = (
			);
			runOnlyForDeploymentPostprocessing = 0;
		};
		5733FA222E15563D009E9A11 /* Resources */ = {
			isa = PBXResourcesBuildPhase;
			buildActionMask = 2147483647;
			files = (
			);
			runOnlyForDeploymentPostprocessing = 0;
		};
/* End PBXResourcesBuildPhase section */

/* Begin PBXSourcesBuildPhase section */
		5733FA092E15563C009E9A11 /* Sources */ = {
			isa = PBXSourcesBuildPhase;
			buildActionMask = 2147483647;
			files = (
			);
			runOnlyForDeploymentPostprocessing = 0;
		};
		5733FA162E15563D009E9A11 /* Sources */ = {
			isa = PBXSourcesBuildPhase;
			buildActionMask = 2147483647;
			files = (
			);
			runOnlyForDeploymentPostprocessing = 0;
		};
		5733FA202E15563D009E9A11 /* Sources */ = {
			isa = PBXSourcesBuildPhase;
			buildActionMask = 2147483647;
			files = (
			);
			runOnlyForDeploymentPostprocessing = 0;
		};
/* End PBXSourcesBuildPhase section */

/* Begin PBXTargetDependency section */
		5733FA1C2E15563D009E9A11 /* PBXTargetDependency */ = {
			isa = PBXTargetDependency;
			target = 5733FA0C2E15563C009E9A11 /* EnergyAIAcademy */;
			targetProxy = 5733FA1B2E15563D009E9A11 /* PBXContainerItemProxy */;
		};
		5733FA262E15563D009E9A11 /* PBXTargetDependency */ = {
			isa = PBXTargetDependency;
			target = 5733FA0C2E15563C009E9A11 /* EnergyAIAcademy */;
			targetProxy = 5733FA252E15563D009E9A11 /* PBXContainerItemProxy */;
		};
/* End PBXTargetDependency section */

/* Begin XCBuildConfiguration section */
		5733FA2C2E15563D009E9A11 /* Debug */ = {
			isa = XCBuildConfiguration;
			buildSettings = {
				ALWAYS_SEARCH_USER_PATHS = NO;
				ASSETCATALOG_COMPILER_GENERATE_SWIFT_ASSET_SYMBOL_EXTENSIONS = YES;
				CLANG_ANALYZER_NONNULL = YES;
				CLANG_ANALYZER_NUMBER_OBJECT_CONVERSION = YES_AGGRESSIVE;
				CLANG_CXX_LANGUAGE_STANDARD = "gnu++20";
				CLANG_ENABLE_MODULES = YES;
				CLANG_ENABLE_OBJC_ARC = YES;
				CLANG_ENABLE_OBJC_WEAK = YES;
				CLANG_WARN_BLOCK_CAPTURE_AUTORELEASING = YES;
				CLANG_WARN_BOOL_CONVERSION = YES;
				CLANG_WARN_COMMA = YES;
				CLANG_WARN_CONSTANT_CONVERSION = YES;
				CLANG_WARN_DEPRECATED_OBJC_IMPLEMENTATIONS = YES;
				CLANG_WARN_DIRECT_OBJC_ISA_USAGE = YES_ERROR;
				CLANG_WARN_DOCUMENTATION_COMMENTS = YES;
				CLANG_WARN_EMPTY_BODY = YES;
				CLANG_WARN_ENUM_CONVERSION = YES;
				CLANG_WARN_INFINITE_RECURSION = YES;
				CLANG_WARN_INT_CONVERSION = YES;
				CLANG_WARN_NON_LITERAL_NULL_CONVERSION = YES;
				CLANG_WARN_OBJC_IMPLICIT_RETAIN_SELF = YES;
				CLANG_WARN_OBJC_LITERAL_CONVERSION = YES;
				CLANG_WARN_OBJC_ROOT_CLASS = YES_ERROR;
				CLANG_WARN_QUOTED_INCLUDE_IN_FRAMEWORK_HEADER = YES;
				CLANG_WARN_RANGE_LOOP_ANALYSIS = YES;
				CLANG_WARN_STRICT_PROTOTYPES = YES;
				CLANG_WARN_SUSPICIOUS_MOVE = YES;
				CLANG_WARN_UNGUARDED_AVAILABILITY = YES_AGGRESSIVE;
				CLANG_WARN_UNREACHABLE_CODE = YES;
				CLANG_WARN__DUPLICATE_METHOD_MATCH = YES;
				COPY_PHASE_STRIP = NO;
				DEBUG_INFORMATION_FORMAT = dwarf;
				ENABLE_STRICT_OBJC_MSGSEND = YES;
				ENABLE_TESTABILITY = YES;
				ENABLE_USER_SCRIPT_SANDBOXING = YES;
				GCC_C_LANGUAGE_STANDARD = gnu17;
				GCC_DYNAMIC_NO_PIC = NO;
				GCC_NO_COMMON_BLOCKS = YES;
				GCC_OPTIMIZATION_LEVEL = 0;
				GCC_PREPROCESSOR_DEFINITIONS = (
					"DEBUG=1",
					"$(inherited)",
				);
				GCC_WARN_64_TO_32_BIT_CONVERSION = YES;
				GCC_WARN_ABOUT_RETURN_TYPE = YES_ERROR;
				GCC_WARN_UNDECLARED_SELECTOR = YES;
				GCC_WARN_UNINITIALIZED_AUTOS = YES_AGGRESSIVE;
				GCC_WARN_UNUSED_FUNCTION = YES;
				GCC_WARN_UNUSED_VARIABLE = YES;
				IPHONEOS_DEPLOYMENT_TARGET = 18.5;
				LOCALIZATION_PREFERS_STRING_CATALOGS = YES;
				MTL_ENABLE_DEBUG_INFO = INCLUDE_SOURCE;
				MTL_FAST_MATH = YES;
				ONLY_ACTIVE_ARCH = YES;
				SDKROOT = iphoneos;
				SWIFT_ACTIVE_COMPILATION_CONDITIONS = "DEBUG $(inherited)";
				SWIFT_OPTIMIZATION_LEVEL = "-Onone";
			};
			name = Debug;
		};
		5733FA2D2E15563D009E9A11 /* Release */ = {
			isa = XCBuildConfiguration;
			buildSettings = {
				ALWAYS_SEARCH_USER_PATHS = NO;
				ASSETCATALOG_COMPILER_GENERATE_SWIFT_ASSET_SYMBOL_EXTENSIONS = YES;
				CLANG_ANALYZER_NONNULL = YES;
				CLANG_ANALYZER_NUMBER_OBJECT_CONVERSION = YES_AGGRESSIVE;
				CLANG_CXX_LANGUAGE_STANDARD = "gnu++20";
				CLANG_ENABLE_MODULES = YES;
				CLANG_ENABLE_OBJC_ARC = YES;
				CLANG_ENABLE_OBJC_WEAK = YES;
				CLANG_WARN_BLOCK_CAPTURE_AUTORELEASING = YES;
				CLANG_WARN_BOOL_CONVERSION = YES;
				CLANG_WARN_COMMA = YES;
				CLANG_WARN_CONSTANT_CONVERSION = YES;
				CLANG_WARN_DEPRECATED_OBJC_IMPLEMENTATIONS = YES;
				CLANG_WARN_DIRECT_OBJC_ISA_USAGE = YES_ERROR;
				CLANG_WARN_DOCUMENTATION_COMMENTS = YES;
				CLANG_WARN_EMPTY_BODY = YES;
				CLANG_WARN_ENUM_CONVERSION = YES;
				CLANG_WARN_INFINITE_RECURSION = YES;
				CLANG_WARN_INT_CONVERSION = YES;
				CLANG_WARN_NON_LITERAL_NULL_CONVERSION = YES;
				CLANG_WARN_OBJC_IMPLICIT_RETAIN_SELF = YES;
				CLANG_WARN_OBJC_LITERAL_CONVERSION = YES;
				CLANG_WARN_OBJC_ROOT_CLASS = YES_ERROR;
				CLANG_WARN_QUOTED_INCLUDE_IN_FRAMEWORK_HEADER = YES;
				CLANG_WARN_RANGE_LOOP_ANALYSIS = YES;
				CLANG_WARN_STRICT_PROTOTYPES = YES;
				CLANG_WARN_SUSPICIOUS_MOVE = YES;
				CLANG_WARN_UNGUARDED_AVAILABILITY = YES_AGGRESSIVE;
				CLANG_WARN_UNREACHABLE_CODE = YES;
				CLANG_WARN__DUPLICATE_METHOD_MATCH = YES;
				COPY_PHASE_STRIP = NO;
				DEBUG_INFORMATION_FORMAT = "dwarf-with-dsym";
				ENABLE_NS_ASSERTIONS = NO;
				ENABLE_STRICT_OBJC_MSGSEND = YES;
				ENABLE_USER_SCRIPT_SANDBOXING = YES;
				GCC_C_LANGUAGE_STANDARD = gnu17;
				GCC_NO_COMMON_BLOCKS = YES;
				GCC_WARN_64_TO_32_BIT_CONVERSION = YES;
				GCC_WARN_ABOUT_RETURN_TYPE = YES_ERROR;
				GCC_WARN_UNDECLARED_SELECTOR = YES;
				GCC_WARN_UNINITIALIZED_AUTOS = YES_AGGRESSIVE;
				GCC_WARN_UNUSED_FUNCTION = YES;
				GCC_WARN_UNUSED_VARIABLE = YES;
				IPHONEOS_DEPLOYMENT_TARGET = 18.5;
				LOCALIZATION_PREFERS_STRING_CATALOGS = YES;
				MTL_ENABLE_DEBUG_INFO = NO;
				MTL_FAST_MATH = YES;
				SDKROOT = iphoneos;
				SWIFT_COMPILATION_MODE = wholemodule;
				VALIDATE_PRODUCT = YES;
			};
			name = Release;
		};
		5733FA2F2E15563D009E9A11 /* Debug */ = {
			isa = XCBuildConfiguration;
			buildSettings = {
				ASSETCATALOG_COMPILER_APPICON_NAME = AppIcon;
				ASSETCATALOG_COMPILER_GLOBAL_ACCENT_COLOR_NAME = AccentColor;
				CODE_SIGN_IDENTITY = "Apple Development";
				CODE_SIGN_STYLE = Automatic;
				CURRENT_PROJECT_VERSION = 1;
				DEVELOPMENT_TEAM = 2WDB56Q58K;
				ENABLE_PREVIEWS = YES;
				GENERATE_INFOPLIST_FILE = YES;
				INFOPLIST_KEY_LSApplicationCategoryType = "public.app-category.education";
				INFOPLIST_KEY_UIApplicationSceneManifest_Generation = YES;
				INFOPLIST_KEY_UIApplicationSupportsIndirectInputEvents = YES;
				INFOPLIST_KEY_UILaunchScreen_Generation = YES;
				INFOPLIST_KEY_UISupportedInterfaceOrientations_iPad = "UIInterfaceOrientationPortrait UIInterfaceOrientationPortraitUpsideDown UIInterfaceOrientationLandscapeLeft UIInterfaceOrientationLandscapeRight";
				INFOPLIST_KEY_UISupportedInterfaceOrientations_iPhone = "UIInterfaceOrientationPortrait UIInterfaceOrientationLandscapeLeft UIInterfaceOrientationLandscapeRight";
				LD_RUNPATH_SEARCH_PATHS = (
					"$(inherited)",
					"@executable_path/Frameworks",
				);
				MARKETING_VERSION = 1.0;
				PRODUCT_BUNDLE_IDENTIFIER = com.energyaiacademy.llmcourse;
				PRODUCT_NAME = "$(TARGET_NAME)";
				PROVISIONING_PROFILE_SPECIFIER = "";
				SWIFT_EMIT_LOC_STRINGS = YES;
				SWIFT_VERSION = 5.0;
				TARGETED_DEVICE_FAMILY = "1,2";
			};
			name = Debug;
		};
		5733FA302E15563D009E9A11 /* Release */ = {
			isa = XCBuildConfiguration;
			buildSettings = {
				ASSETCATALOG_COMPILER_APPICON_NAME = AppIcon;
				ASSETCATALOG_COMPILER_GLOBAL_ACCENT_COLOR_NAME = AccentColor;
				CODE_SIGN_IDENTITY = "Apple Development";
				CODE_SIGN_STYLE = Automatic;
				CURRENT_PROJECT_VERSION = 1;
				DEVELOPMENT_TEAM = 2WDB56Q58K;
				ENABLE_PREVIEWS = YES;
				GENERATE_INFOPLIST_FILE = YES;
				INFOPLIST_KEY_LSApplicationCategoryType = "public.app-category.education";
				INFOPLIST_KEY_UIApplicationSceneManifest_Generation = YES;
				INFOPLIST_KEY_UIApplicationSupportsIndirectInputEvents = YES;
				INFOPLIST_KEY_UILaunchScreen_Generation = YES;
				INFOPLIST_KEY_UISupportedInterfaceOrientations_iPad = "UIInterfaceOrientationPortrait UIInterfaceOrientationPortraitUpsideDown UIInterfaceOrientationLandscapeLeft UIInterfaceOrientationLandscapeRight";
				INFOPLIST_KEY_UISupportedInterfaceOrientations_iPhone = "UIInterfaceOrientationPortrait UIInterfaceOrientationLandscapeLeft UIInterfaceOrientationLandscapeRight";
				LD_RUNPATH_SEARCH_PATHS = (
					"$(inherited)",
					"@executable_path/Frameworks",
				);
				MARKETING_VERSION = 1.0;
				PRODUCT_BUNDLE_IDENTIFIER = com.energyaiacademy.llmcourse;
				PRODUCT_NAME = "$(TARGET_NAME)";
				PROVISIONING_PROFILE_SPECIFIER = "";
				SWIFT_EMIT_LOC_STRINGS = YES;
				SWIFT_VERSION = 5.0;
				TARGETED_DEVICE_FAMILY = "1,2";
			};
			name = Release;
		};
		5733FA322E15563D009E9A11 /* Debug */ = {
			isa = XCBuildConfiguration;
			buildSettings = {
				BUNDLE_LOADER = "$(TEST_HOST)";
				CODE_SIGN_STYLE = Automatic;
				CURRENT_PROJECT_VERSION = 1;
				GENERATE_INFOPLIST_FILE = YES;
				IPHONEOS_DEPLOYMENT_TARGET = 18.5;
				MARKETING_VERSION = 1.0;
				PRODUCT_BUNDLE_IDENTIFIER = EnergyAI.EnergyAIAcademyTests;
				PRODUCT_NAME = "$(TARGET_NAME)";
				SWIFT_EMIT_LOC_STRINGS = NO;
				SWIFT_VERSION = 5.0;
				TARGETED_DEVICE_FAMILY = "1,2";
				TEST_HOST = "$(BUILT_PRODUCTS_DIR)/EnergyAIAcademy.app/$(BUNDLE_EXECUTABLE_FOLDER_PATH)/EnergyAIAcademy";
			};
			name = Debug;
		};
		5733FA332E15563D009E9A11 /* Release */ = {
			isa = XCBuildConfiguration;
			buildSettings = {
				BUNDLE_LOADER = "$(TEST_HOST)";
				CODE_SIGN_STYLE = Automatic;
				CURRENT_PROJECT_VERSION = 1;
				GENERATE_INFOPLIST_FILE = YES;
				IPHONEOS_DEPLOYMENT_TARGET = 18.5;
				MARKETING_VERSION = 1.0;
				PRODUCT_BUNDLE_IDENTIFIER = EnergyAI.EnergyAIAcademyTests;
				PRODUCT_NAME = "$(TARGET_NAME)";
				SWIFT_EMIT_LOC_STRINGS = NO;
				SWIFT_VERSION = 5.0;
				TARGETED_DEVICE_FAMILY = "1,2";
				TEST_HOST = "$(BUILT_PRODUCTS_DIR)/EnergyAIAcademy.app/$(BUNDLE_EXECUTABLE_FOLDER_PATH)/EnergyAIAcademy";
			};
			name = Release;
		};
		5733FA352E15563D009E9A11 /* Debug */ = {
			isa = XCBuildConfiguration;
			buildSettings = {
				CODE_SIGN_STYLE = Automatic;
				CURRENT_PROJECT_VERSION = 1;
				GENERATE_INFOPLIST_FILE = YES;
				MARKETING_VERSION = 1.0;
				PRODUCT_BUNDLE_IDENTIFIER = EnergyAI.EnergyAIAcademyUITests;
				PRODUCT_NAME = "$(TARGET_NAME)";
				SWIFT_EMIT_LOC_STRINGS = NO;
				SWIFT_VERSION = 5.0;
				TARGETED_DEVICE_FAMILY = "1,2";
				TEST_TARGET_NAME = EnergyAIAcademy;
			};
			name = Debug;
		};
		5733FA362E15563D009E9A11 /* Release */ = {
			isa = XCBuildConfiguration;
			buildSettings = {
				CODE_SIGN_STYLE = Automatic;
				CURRENT_PROJECT_VERSION = 1;
				GENERATE_INFOPLIST_FILE = YES;
				MARKETING_VERSION = 1.0;
				PRODUCT_BUNDLE_IDENTIFIER = EnergyAI.EnergyAIAcademyUITests;
				PRODUCT_NAME = "$(TARGET_NAME)";
				SWIFT_EMIT_LOC_STRINGS = NO;
				SWIFT_VERSION = 5.0;
				TARGETED_DEVICE_FAMILY = "1,2";
				TEST_TARGET_NAME = EnergyAIAcademy;
			};
			name = Release;
		};
/* End XCBuildConfiguration section */

/* Begin XCConfigurationList section */
		5733FA082E15563C009E9A11 /* Build configuration list for PBXProject "EnergyAIAcademy" */ = {
			isa = XCConfigurationList;
			buildConfigurations = (
				5733FA2C2E15563D009E9A11 /* Debug */,
				5733FA2D2E15563D009E9A11 /* Release */,
			);
			defaultConfigurationIsVisible = 0;
			defaultConfigurationName = Release;
		};
		5733FA2E2E15563D009E9A11 /* Build configuration list for PBXNativeTarget "EnergyAIAcademy" */ = {
			isa = XCConfigurationList;
			buildConfigurations = (
				5733FA2F2E15563D009E9A11 /* Debug */,
				5733FA302E15563D009E9A11 /* Release */,
			);
			defaultConfigurationIsVisible = 0;
			defaultConfigurationName = Release;
		};
		5733FA312E15563D009E9A11 /* Build configuration list for PBXNativeTarget "EnergyAIAcademyTests" */ = {
			isa = XCConfigurationList;
			buildConfigurations = (
				5733FA322E15563D009E9A11 /* Debug */,
				5733FA332E15563D009E9A11 /* Release */,
			);
			defaultConfigurationIsVisible = 0;
			defaultConfigurationName = Release;
		};
		5733FA342E15563D009E9A11 /* Build configuration list for PBXNativeTarget "EnergyAIAcademyUITests" */ = {
			isa = XCConfigurationList;
			buildConfigurations = (
				5733FA352E15563D009E9A11 /* Debug */,
				5733FA362E15563D009E9A11 /* Release */,
			);
			defaultConfigurationIsVisible = 0;
			defaultConfigurationName = Release;
		};
/* End XCConfigurationList section */
	};
	rootObject = 5733FA052E15563C009E9A11 /* Project object */;
}
